
Microsoft Visual Studio Solution File, Format Version 12.00
# Visual Studio 15
VisualStudioVersion = 15.0.28307.271
MinimumVisualStudioVersion = 10.0.40219.1
Project("{FAE04EC0-301F-11D3-BF4B-00C04F79EFBC}") = "Lv1L1T1_Questionnaire", "Lv1L1T1_Questionnaire\Lv1L1T1_Questionnaire.csproj", "{EC5CBE5F-6685-44C8-8A33-095B3D8F10A7}"
EndProject
Global
	GlobalSection(SolutionConfigurationPlatforms) = preSolution
		Debug|Any CPU = Debug|Any CPU
		Release|Any CPU = Release|Any CPU
	EndGlobalSection
	GlobalSection(ProjectConfigurationPlatforms) = postSolution
		{EC5CBE5F-6685-44C8-8A33-095B3D8F10A7}.Debug|Any CPU.ActiveCfg = Debug|Any CPU
		{EC5CBE5F-6685-44C8-8A33-095B3D8F10A7}.Debug|Any CPU.Build.0 = Debug|Any CPU
		{EC5CBE5F-6685-44C8-8A33-095B3D8F10A7}.Release|Any CPU.ActiveCfg = Release|Any CPU
		{EC5CBE5F-6685-44C8-8A33-095B3D8F10A7}.Release|Any CPU.Build.0 = Release|Any CPU
	EndGlobalSection
	GlobalSection(SolutionProperties) = preSolution
		HideSolutionNode = FALSE
	EndGlobalSection
	GlobalSection(ExtensibilityGlobals) = postSolution
		SolutionGuid = {C98F9556-C031-4B29-8DF2-031A0808F34E}
	EndGlobalSection
EndGlobal
